
Microsoft Visual Studio Solution File, Format Version 12.00
# Visual Studio Version 16
VisualStudioVersion = 16.0.28803.452
MinimumVisualStudioVersion = 10.0.40219.1
Project("{FAE04EC0-301F-11D3-BF4B-00C04F79EFBC}") = "FamilyTree", "FamilyTree\FamilyTree.csproj", "{BA849F08-9DB7-4916-AD78-2B7E8589990E}"
EndProject
Global
	GlobalSection(SolutionConfigurationPlatforms) = preSolution
		Debug|Any CPU = Debug|Any CPU
		Release|Any CPU = Release|Any CPU
	EndGlobalSection
	GlobalSection(ProjectConfigurationPlatforms) = postSolution
		{BA849F08-9DB7-4916-AD78-2B7E8589990E}.Debug|Any CPU.ActiveCfg = Debug|Any CPU
		{BA849F08-9DB7-4916-AD78-2B7E8589990E}.Debug|Any CPU.Build.0 = Debug|Any CPU
		{BA849F08-9DB7-4916-AD78-2B7E8589990E}.Release|Any CPU.ActiveCfg = Release|Any CPU
		{BA849F08-9DB7-4916-AD78-2B7E8589990E}.Release|Any CPU.Build.0 = Release|Any CPU
	EndGlobalSection
	GlobalSection(SolutionProperties) = preSolution
		HideSolutionNode = FALSE
	EndGlobalSection
	GlobalSection(ExtensibilityGlobals) = postSolution
		SolutionGuid = {30A8FF9E-32BA-4235-BC1D-44FAF7703D5B}
	EndGlobalSection
EndGlobal
